
Microsoft Visual Studio Solution File, Format Version 12.00
# Visual Studio Version 16
VisualStudioVersion = 16.0.30611.23
MinimumVisualStudioVersion = 10.0.40219.1
Project("{FAE04EC0-301F-11D3-BF4B-00C04F79EFBC}") = "Worksheet 3", "Worksheet 3\Worksheet 3.csproj", "{58672A43-5D91-4BC6-921C-81DE3CEEE0EB}"
EndProject
Global
	GlobalSection(SolutionConfigurationPlatforms) = preSolution
		Debug|Any CPU = Debug|Any CPU
		Release|Any CPU = Release|Any CPU
	EndGlobalSection
	GlobalSection(ProjectConfigurationPlatforms) = postSolution
		{58672A43-5D91-4BC6-921C-81DE3CEEE0EB}.Debug|Any CPU.ActiveCfg = Debug|Any CPU
		{58672A43-5D91-4BC6-921C-81DE3CEEE0EB}.Debug|Any CPU.Build.0 = Debug|Any CPU
		{58672A43-5D91-4BC6-921C-81DE3CEEE0EB}.Release|Any CPU.ActiveCfg = Release|Any CPU
		{58672A43-5D91-4BC6-921C-81DE3CEEE0EB}.Release|Any CPU.Build.0 = Release|Any CPU
	EndGlobalSection
	GlobalSection(SolutionProperties) = preSolution
		HideSolutionNode = FALSE
	EndGlobalSection
	GlobalSection(ExtensibilityGlobals) = postSolution
		SolutionGuid = {1896F275-214A-4D08-B31A-E7082E103F4D}
	EndGlobalSection
EndGlobal
