
Microsoft Visual Studio Solution File, Format Version 12.00
# Visual Studio Version 16
VisualStudioVersion = 16.0.30611.23
MinimumVisualStudioVersion = 10.0.40219.1
Project("{FAE04EC0-301F-11D3-BF4B-00C04F79EFBC}") = "Polymorphism", "Polymorphism\Polymorphism.csproj", "{2865C055-1219-4C5E-B514-98C08CCE3E43}"
EndProject
Global
	GlobalSection(SolutionConfigurationPlatforms) = preSolution
		Debug|Any CPU = Debug|Any CPU
		Release|Any CPU = Release|Any CPU
	EndGlobalSection
	GlobalSection(ProjectConfigurationPlatforms) = postSolution
		{2865C055-1219-4C5E-B514-98C08CCE3E43}.Debug|Any CPU.ActiveCfg = Debug|Any CPU
		{2865C055-1219-4C5E-B514-98C08CCE3E43}.Debug|Any CPU.Build.0 = Debug|Any CPU
		{2865C055-1219-4C5E-B514-98C08CCE3E43}.Release|Any CPU.ActiveCfg = Release|Any CPU
		{2865C055-1219-4C5E-B514-98C08CCE3E43}.Release|Any CPU.Build.0 = Release|Any CPU
	EndGlobalSection
	GlobalSection(SolutionProperties) = preSolution
		HideSolutionNode = FALSE
	EndGlobalSection
	GlobalSection(ExtensibilityGlobals) = postSolution
		SolutionGuid = {6EEF27EF-5618-416D-94B3-CB4881F42AEB}
	EndGlobalSection
EndGlobal
